// !$*UTF8*$!
{
	archiveVersion = 1;
	classes = {
	};
	objectVersion = 46;
	objects = {

/* Begin PBXBuildFile section */
		837E16011A1187F30037FADF /* Parser2.cpp in Sources */ = {isa = PBXBuildFile; fileRef = 837E16001A1187F30037FADF /* Parser2.cpp */; };
		83842D8F19FD068B0074C105 /* Symbol.cpp in Sources */ = {isa = PBXBuildFile; fileRef = 83842D8E19FD068B0074C105 /* Symbol.cpp */; };
		838CA0CB19C9B7D2007A9FAE /* main.cpp in Sources */ = {isa = PBXBuildFile; fileRef = 838CA0CA19C9B7D2007A9FAE /* main.cpp */; };
		838CA0D319C9B7F1007A9FAE /* scanner.cpp in Sources */ = {isa = PBXBuildFile; fileRef = 838CA0D119C9B7F1007A9FAE /* scanner.cpp */; };
		83E9BBFF19E6A2E6004E9FD4 /* Token.cpp in Sources */ = {isa = PBXBuildFile; fileRef = 83E9BBFD19E6A2E6004E9FD4 /* Token.cpp */; };
		83E9BC0219E6A372004E9FD4 /* MyException.cpp in Sources */ = {isa = PBXBuildFile; fileRef = 83E9BC0019E6A372004E9FD4 /* MyException.cpp */; };
		83E9BC0519E7554A004E9FD4 /* Node.cpp in Sources */ = {isa = PBXBuildFile; fileRef = 83E9BC0319E7554A004E9FD4 /* Node.cpp */; };
/* End PBXBuildFile section */

/* Begin PBXCopyFilesBuildPhase section */
		838CA0C519C9B7D2007A9FAE /* CopyFiles */ = {
			isa = PBXCopyFilesBuildPhase;
			buildActionMask = 2147483647;
			dstPath = /usr/share/man/man1/;
			dstSubfolderSpec = 0;
			files = (
			);
			runOnlyForDeploymentPostprocessing = 1;
		};
/* End PBXCopyFilesBuildPhase section */

/* Begin PBXFileReference section */
		837C8CE219DEC746003281CC /* Parser.h */ = {isa = PBXFileReference; fileEncoding = 4; lastKnownFileType = sourcecode.c.h; path = Parser.h; sourceTree = "<group>"; };
		837E16001A1187F30037FADF /* Parser2.cpp */ = {isa = PBXFileReference; fileEncoding = 4; lastKnownFileType = sourcecode.cpp.cpp; path = Parser2.cpp; sourceTree = "<group>"; };
		8380BEFF19DE76930057B520 /* compiller.profdata */ = {isa = PBXFileReference; lastKnownFileType = file; path = compiller.profdata; sourceTree = "<group>"; };
		83842D8D19FD053C0074C105 /* Symbol.h */ = {isa = PBXFileReference; lastKnownFileType = sourcecode.c.h; path = Symbol.h; sourceTree = "<group>"; };
		83842D8E19FD068B0074C105 /* Symbol.cpp */ = {isa = PBXFileReference; fileEncoding = 4; lastKnownFileType = sourcecode.cpp.cpp; path = Symbol.cpp; sourceTree = "<group>"; };
		838CA0C719C9B7D2007A9FAE /* compiller */ = {isa = PBXFileReference; explicitFileType = "compiled.mach-o.executable"; includeInIndex = 0; path = compiller; sourceTree = BUILT_PRODUCTS_DIR; };
		838CA0CA19C9B7D2007A9FAE /* main.cpp */ = {isa = PBXFileReference; lastKnownFileType = sourcecode.cpp.cpp; path = main.cpp; sourceTree = "<group>"; };
		838CA0D119C9B7F1007A9FAE /* scanner.cpp */ = {isa = PBXFileReference; fileEncoding = 4; lastKnownFileType = sourcecode.cpp.cpp; lineEnding = 0; path = scanner.cpp; sourceTree = "<group>"; usesTabs = 0; };
		838CA0D219C9B7F1007A9FAE /* scanner.h */ = {isa = PBXFileReference; fileEncoding = 4; lastKnownFileType = sourcecode.c.h; path = scanner.h; sourceTree = "<group>"; xcLanguageSpecificationIdentifier = xcode.lang.cpp; };
		83D8AD5019DA297200A69BFB /* Script.sh */ = {isa = PBXFileReference; fileEncoding = 4; lastKnownFileType = text.script.sh; path = Script.sh; sourceTree = "<group>"; };
		83E9BBFD19E6A2E6004E9FD4 /* Token.cpp */ = {isa = PBXFileReference; fileEncoding = 4; lastKnownFileType = sourcecode.cpp.cpp; path = Token.cpp; sourceTree = "<group>"; };
		83E9BBFE19E6A2E6004E9FD4 /* Token.h */ = {isa = PBXFileReference; fileEncoding = 4; lastKnownFileType = sourcecode.c.h; path = Token.h; sourceTree = "<group>"; };
		83E9BC0019E6A372004E9FD4 /* MyException.cpp */ = {isa = PBXFileReference; fileEncoding = 4; lastKnownFileType = sourcecode.cpp.cpp; path = MyException.cpp; sourceTree = "<group>"; };
		83E9BC0119E6A372004E9FD4 /* MyException.h */ = {isa = PBXFileReference; fileEncoding = 4; lastKnownFileType = sourcecode.c.h; path = MyException.h; sourceTree = "<group>"; };
		83E9BC0319E7554A004E9FD4 /* Node.cpp */ = {isa = PBXFileReference; fileEncoding = 4; lastKnownFileType = sourcecode.cpp.cpp; path = Node.cpp; sourceTree = "<group>"; };
		83E9BC0419E7554A004E9FD4 /* Node.h */ = {isa = PBXFileReference; fileEncoding = 4; lastKnownFileType = sourcecode.c.h; path = Node.h; sourceTree = "<group>"; };
/* End PBXFileReference section */

/* Begin PBXFrameworksBuildPhase section */
		838CA0C419C9B7D2007A9FAE /* Frameworks */ = {
			isa = PBXFrameworksBuildPhase;
			buildActionMask = 2147483647;
			files = (
			);
			runOnlyForDeploymentPostprocessing = 0;
		};
/* End PBXFrameworksBuildPhase section */

/* Begin PBXGroup section */
		8380BEFE19DE76930057B520 /* OptimizationProfiles */ = {
			isa = PBXGroup;
			children = (
				8380BEFF19DE76930057B520 /* compiller.profdata */,
			);
			path = OptimizationProfiles;
			sourceTree = "<group>";
		};
		838CA0BE19C9B7D2007A9FAE = {
			isa = PBXGroup;
			children = (
				838CA0C919C9B7D2007A9FAE /* compiller */,
				838CA0C819C9B7D2007A9FAE /* Products */,
				83D8AD5019DA297200A69BFB /* Script.sh */,
				8380BEFE19DE76930057B520 /* OptimizationProfiles */,
			);
			sourceTree = "<group>";
		};
		838CA0C819C9B7D2007A9FAE /* Products */ = {
			isa = PBXGroup;
			children = (
				838CA0C719C9B7D2007A9FAE /* compiller */,
			);
			name = Products;
			sourceTree = "<group>";
		};
		838CA0C919C9B7D2007A9FAE /* compiller */ = {
			isa = PBXGroup;
			children = (
				838CA0D119C9B7F1007A9FAE /* scanner.cpp */,
				838CA0D219C9B7F1007A9FAE /* scanner.h */,
				838CA0CA19C9B7D2007A9FAE /* main.cpp */,
				837C8CE219DEC746003281CC /* Parser.h */,
				83E9BC0319E7554A004E9FD4 /* Node.cpp */,
				83E9BC0419E7554A004E9FD4 /* Node.h */,
				83842D8D19FD053C0074C105 /* Symbol.h */,
				83842D8E19FD068B0074C105 /* Symbol.cpp */,
				83E9BBFD19E6A2E6004E9FD4 /* Token.cpp */,
				83E9BBFE19E6A2E6004E9FD4 /* Token.h */,
				83E9BC0019E6A372004E9FD4 /* MyException.cpp */,
				83E9BC0119E6A372004E9FD4 /* MyException.h */,
				837E16001A1187F30037FADF /* Parser2.cpp */,
			);
			path = compiller;
			sourceTree = "<group>";
		};
/* End PBXGroup section */

/* Begin PBXNativeTarget section */
		838CA0C619C9B7D2007A9FAE /* compiller */ = {
			isa = PBXNativeTarget;
			buildConfigurationList = 838CA0CE19C9B7D2007A9FAE /* Build configuration list for PBXNativeTarget "compiller" */;
			buildPhases = (
				838CA0C319C9B7D2007A9FAE /* Sources */,
				838CA0C419C9B7D2007A9FAE /* Frameworks */,
				838CA0C519C9B7D2007A9FAE /* CopyFiles */,
			);
			buildRules = (
			);
			dependencies = (
			);
			name = compiller;
			productName = compiller;
			productReference = 838CA0C719C9B7D2007A9FAE /* compiller */;
			productType = "com.apple.product-type.tool";
		};
/* End PBXNativeTarget section */

/* Begin PBXProject section */
		838CA0BF19C9B7D2007A9FAE /* Project object */ = {
			isa = PBXProject;
			attributes = {
				LastUpgradeCheck = 0600;
				ORGANIZATIONNAME = "Данил";
				TargetAttributes = {
					838CA0C619C9B7D2007A9FAE = {
						CreatedOnToolsVersion = 6.0;
					};
				};
			};
			buildConfigurationList = 838CA0C219C9B7D2007A9FAE /* Build configuration list for PBXProject "compiller" */;
			compatibilityVersion = "Xcode 3.2";
			developmentRegion = English;
			hasScannedForEncodings = 0;
			knownRegions = (
				en,
			);
			mainGroup = 838CA0BE19C9B7D2007A9FAE;
			productRefGroup = 838CA0C819C9B7D2007A9FAE /* Products */;
			projectDirPath = "";
			projectRoot = "";
			targets = (
				838CA0C619C9B7D2007A9FAE /* compiller */,
			);
		};
/* End PBXProject section */

/* Begin PBXSourcesBuildPhase section */
		838CA0C319C9B7D2007A9FAE /* Sources */ = {
			isa = PBXSourcesBuildPhase;
			buildActionMask = 2147483647;
			files = (
				838CA0D319C9B7F1007A9FAE /* scanner.cpp in Sources */,
				83E9BC0219E6A372004E9FD4 /* MyException.cpp in Sources */,
				837E16011A1187F30037FADF /* Parser2.cpp in Sources */,
				83E9BC0519E7554A004E9FD4 /* Node.cpp in Sources */,
				83842D8F19FD068B0074C105 /* Symbol.cpp in Sources */,
				838CA0CB19C9B7D2007A9FAE /* main.cpp in Sources */,
				83E9BBFF19E6A2E6004E9FD4 /* Token.cpp in Sources */,
			);
			runOnlyForDeploymentPostprocessing = 0;
		};
/* End PBXSourcesBuildPhase section */

/* Begin XCBuildConfiguration section */
		838CA0CC19C9B7D2007A9FAE /* Debug */ = {
			isa = XCBuildConfiguration;
			buildSettings = {
				ALWAYS_SEARCH_USER_PATHS = NO;
				CLANG_CXX_LANGUAGE_STANDARD = "gnu++0x";
				CLANG_CXX_LIBRARY = "libc++";
				CLANG_ENABLE_MODULES = YES;
				CLANG_ENABLE_OBJC_ARC = YES;
				CLANG_WARN_BOOL_CONVERSION = YES;
				CLANG_WARN_CONSTANT_CONVERSION = YES;
				CLANG_WARN_DIRECT_OBJC_ISA_USAGE = YES_ERROR;
				CLANG_WARN_EMPTY_BODY = YES;
				CLANG_WARN_ENUM_CONVERSION = YES;
				CLANG_WARN_INT_CONVERSION = YES;
				CLANG_WARN_OBJC_ROOT_CLASS = YES_ERROR;
				CLANG_WARN_UNREACHABLE_CODE = YES;
				CLANG_WARN__DUPLICATE_METHOD_MATCH = YES;
				COPY_PHASE_STRIP = NO;
				ENABLE_STRICT_OBJC_MSGSEND = YES;
				GCC_C_LANGUAGE_STANDARD = gnu99;
				GCC_DYNAMIC_NO_PIC = NO;
				GCC_OPTIMIZATION_LEVEL = 0;
				GCC_PREPROCESSOR_DEFINITIONS = (
					"DEBUG=1",
					"$(inherited)",
				);
				GCC_SYMBOLS_PRIVATE_EXTERN = NO;
				GCC_WARN_64_TO_32_BIT_CONVERSION = YES;
				GCC_WARN_ABOUT_RETURN_TYPE = YES_ERROR;
				GCC_WARN_UNDECLARED_SELECTOR = YES;
				GCC_WARN_UNINITIALIZED_AUTOS = YES_AGGRESSIVE;
				GCC_WARN_UNUSED_FUNCTION = YES;
				GCC_WARN_UNUSED_VARIABLE = YES;
				MACOSX_DEPLOYMENT_TARGET = 10.9;
				MTL_ENABLE_DEBUG_INFO = YES;
				ONLY_ACTIVE_ARCH = YES;
				SDKROOT = macosx;
			};
			name = Debug;
		};
		838CA0CD19C9B7D2007A9FAE /* Release */ = {
			isa = XCBuildConfiguration;
			buildSettings = {
				ALWAYS_SEARCH_USER_PATHS = NO;
				CLANG_CXX_LANGUAGE_STANDARD = "gnu++0x";
				CLANG_CXX_LIBRARY = "libc++";
				CLANG_ENABLE_MODULES = YES;
				CLANG_ENABLE_OBJC_ARC = YES;
				CLANG_WARN_BOOL_CONVERSION = YES;
				CLANG_WARN_CONSTANT_CONVERSION = YES;
				CLANG_WARN_DIRECT_OBJC_ISA_USAGE = YES_ERROR;
				CLANG_WARN_EMPTY_BODY = YES;
				CLANG_WARN_ENUM_CONVERSION = YES;
				CLANG_WARN_INT_CONVERSION = YES;
				CLANG_WARN_OBJC_ROOT_CLASS = YES_ERROR;
				CLANG_WARN_UNREACHABLE_CODE = YES;
				CLANG_WARN__DUPLICATE_METHOD_MATCH = YES;
				COPY_PHASE_STRIP = YES;
				DEBUG_INFORMATION_FORMAT = "dwarf-with-dsym";
				ENABLE_NS_ASSERTIONS = NO;
				ENABLE_STRICT_OBJC_MSGSEND = YES;
				GCC_C_LANGUAGE_STANDARD = gnu99;
				GCC_WARN_64_TO_32_BIT_CONVERSION = YES;
				GCC_WARN_ABOUT_RETURN_TYPE = YES_ERROR;
				GCC_WARN_UNDECLARED_SELECTOR = YES;
				GCC_WARN_UNINITIALIZED_AUTOS = YES_AGGRESSIVE;
				GCC_WARN_UNUSED_FUNCTION = YES;
				GCC_WARN_UNUSED_VARIABLE = YES;
				MACOSX_DEPLOYMENT_TARGET = 10.9;
				MTL_ENABLE_DEBUG_INFO = NO;
				SDKROOT = macosx;
			};
			name = Release;
		};
		838CA0CF19C9B7D2007A9FAE /* Debug */ = {
			isa = XCBuildConfiguration;
			buildSettings = {
				PRODUCT_NAME = "$(TARGET_NAME)";
			};
			name = Debug;
		};
		838CA0D019C9B7D2007A9FAE /* Release */ = {
			isa = XCBuildConfiguration;
			buildSettings = {
				CLANG_USE_OPTIMIZATION_PROFILE = YES;
				PRODUCT_NAME = "$(TARGET_NAME)";
			};
			name = Release;
		};
/* End XCBuildConfiguration section */

/* Begin XCConfigurationList section */
		838CA0C219C9B7D2007A9FAE /* Build configuration list for PBXProject "compiller" */ = {
			isa = XCConfigurationList;
			buildConfigurations = (
				838CA0CC19C9B7D2007A9FAE /* Debug */,
				838CA0CD19C9B7D2007A9FAE /* Release */,
			);
			defaultConfigurationIsVisible = 0;
			defaultConfigurationName = Release;
		};
		838CA0CE19C9B7D2007A9FAE /* Build configuration list for PBXNativeTarget "compiller" */ = {
			isa = XCConfigurationList;
			buildConfigurations = (
				838CA0CF19C9B7D2007A9FAE /* Debug */,
				838CA0D019C9B7D2007A9FAE /* Release */,
			);
			defaultConfigurationIsVisible = 0;
			defaultConfigurationName = Release;
		};
/* End XCConfigurationList section */
	};
	rootObject = 838CA0BF19C9B7D2007A9FAE /* Project object */;
}
